// !$*UTF8*$!
{
	archiveVersion = 1;
	classes = {
	};
	objectVersion = 46;
	objects = {

/* Begin PBXBuildFile section */
		6C8335B01CFF22BC0074AA78 /* main.m in Sources */ = {isa = PBXBuildFile; fileRef = 6C8335AF1CFF22BC0074AA78 /* main.m */; };
		6C8335B31CFF22BC0074AA78 /* AppDelegate.m in Sources */ = {isa = PBXBuildFile; fileRef = 6C8335B21CFF22BC0074AA78 /* AppDelegate.m */; };
		6C8335B91CFF22BC0074AA78 /* Main.storyboard in Resources */ = {isa = PBXBuildFile; fileRef = 6C8335B71CFF22BC0074AA78 /* Main.storyboard */; };
		6C8335BC1CFF22BC0074AA78 /* ConneX.xcdatamodeld in Sources */ = {isa = PBXBuildFile; fileRef = 6C8335BA1CFF22BC0074AA78 /* ConneX.xcdatamodeld */; };
		6C8335BE1CFF22BC0074AA78 /* Assets.xcassets in Resources */ = {isa = PBXBuildFile; fileRef = 6C8335BD1CFF22BC0074AA78 /* Assets.xcassets */; };
		6C8335C11CFF22BC0074AA78 /* LaunchScreen.storyboard in Resources */ = {isa = PBXBuildFile; fileRef = 6C8335BF1CFF22BC0074AA78 /* LaunchScreen.storyboard */; };
		6C8335CA1CFF237E0074AA78 /* EquipmentsTableViewController.m in Sources */ = {isa = PBXBuildFile; fileRef = 6C8335C91CFF237E0074AA78 /* EquipmentsTableViewController.m */; };
		6C8335D01CFF23ED0074AA78 /* CNXEquipment.m in Sources */ = {isa = PBXBuildFile; fileRef = 6C8335CF1CFF23ED0074AA78 /* CNXEquipment.m */; };
		6C8335D41CFF2F920074AA78 /* AddanEquipmentViewController.m in Sources */ = {isa = PBXBuildFile; fileRef = 6C8335D31CFF2F920074AA78 /* AddanEquipmentViewController.m */; };
/* End PBXBuildFile section */

/* Begin PBXFileReference section */
		6C8335AB1CFF22BC0074AA78 /* ConneX.app */ = {isa = PBXFileReference; explicitFileType = wrapper.application; includeInIndex = 0; path = ConneX.app; sourceTree = BUILT_PRODUCTS_DIR; };
		6C8335AF1CFF22BC0074AA78 /* main.m */ = {isa = PBXFileReference; lastKnownFileType = sourcecode.c.objc; path = main.m; sourceTree = "<group>"; };
		6C8335B11CFF22BC0074AA78 /* AppDelegate.h */ = {isa = PBXFileReference; lastKnownFileType = sourcecode.c.h; path = AppDelegate.h; sourceTree = "<group>"; };
		6C8335B21CFF22BC0074AA78 /* AppDelegate.m */ = {isa = PBXFileReference; lastKnownFileType = sourcecode.c.objc; path = AppDelegate.m; sourceTree = "<group>"; };
		6C8335B81CFF22BC0074AA78 /* Base */ = {isa = PBXFileReference; lastKnownFileType = file.storyboard; name = Base; path = Base.lproj/Main.storyboard; sourceTree = "<group>"; };
		6C8335BB1CFF22BC0074AA78 /* ConneX.xcdatamodel */ = {isa = PBXFileReference; lastKnownFileType = wrapper.xcdatamodel; path = ConneX.xcdatamodel; sourceTree = "<group>"; };
		6C8335BD1CFF22BC0074AA78 /* Assets.xcassets */ = {isa = PBXFileReference; lastKnownFileType = folder.assetcatalog; path = Assets.xcassets; sourceTree = "<group>"; };
		6C8335C01CFF22BC0074AA78 /* Base */ = {isa = PBXFileReference; lastKnownFileType = file.storyboard; name = Base; path = Base.lproj/LaunchScreen.storyboard; sourceTree = "<group>"; };
		6C8335C21CFF22BC0074AA78 /* Info.plist */ = {isa = PBXFileReference; lastKnownFileType = text.plist.xml; path = Info.plist; sourceTree = "<group>"; };
		6C8335C81CFF237E0074AA78 /* EquipmentsTableViewController.h */ = {isa = PBXFileReference; fileEncoding = 4; lastKnownFileType = sourcecode.c.h; path = EquipmentsTableViewController.h; sourceTree = "<group>"; };
		6C8335C91CFF237E0074AA78 /* EquipmentsTableViewController.m */ = {isa = PBXFileReference; fileEncoding = 4; lastKnownFileType = sourcecode.c.objc; path = EquipmentsTableViewController.m; sourceTree = "<group>"; };
		6C8335CE1CFF23ED0074AA78 /* CNXEquipment.h */ = {isa = PBXFileReference; fileEncoding = 4; lastKnownFileType = sourcecode.c.h; path = CNXEquipment.h; sourceTree = "<group>"; };
		6C8335CF1CFF23ED0074AA78 /* CNXEquipment.m */ = {isa = PBXFileReference; fileEncoding = 4; lastKnownFileType = sourcecode.c.objc; path = CNXEquipment.m; sourceTree = "<group>"; };
		6C8335D21CFF2F920074AA78 /* AddanEquipmentViewController.h */ = {isa = PBXFileReference; fileEncoding = 4; lastKnownFileType = sourcecode.c.h; path = AddanEquipmentViewController.h; sourceTree = "<group>"; };
		6C8335D31CFF2F920074AA78 /* AddanEquipmentViewController.m */ = {isa = PBXFileReference; fileEncoding = 4; lastKnownFileType = sourcecode.c.objc; path = AddanEquipmentViewController.m; sourceTree = "<group>"; };
/* End PBXFileReference section */

/* Begin PBXFrameworksBuildPhase section */
		6C8335A81CFF22BC0074AA78 /* Frameworks */ = {
			isa = PBXFrameworksBuildPhase;
			buildActionMask = 2147483647;
			files = (
			);
			runOnlyForDeploymentPostprocessing = 0;
		};
/* End PBXFrameworksBuildPhase section */

/* Begin PBXGroup section */
		6C8335A21CFF22BC0074AA78 = {
			isa = PBXGroup;
			children = (
				6C8335AD1CFF22BC0074AA78 /* ConneX */,
				6C8335AC1CFF22BC0074AA78 /* Products */,
			);
			sourceTree = "<group>";
		};
		6C8335AC1CFF22BC0074AA78 /* Products */ = {
			isa = PBXGroup;
			children = (
				6C8335AB1CFF22BC0074AA78 /* ConneX.app */,
			);
			name = Products;
			sourceTree = "<group>";
		};
		6C8335AD1CFF22BC0074AA78 /* ConneX */ = {
			isa = PBXGroup;
			children = (
				6C8335D11CFF23F20074AA78 /* Model */,
				6C8335CB1CFF239B0074AA78 /* AppDelegate */,
				6C8335CD1CFF23B40074AA78 /* StoryBoard */,
				6C8335CC1CFF23A60074AA78 /* ViewControllers */,
				6C8335BD1CFF22BC0074AA78 /* Assets.xcassets */,
				6C8335BF1CFF22BC0074AA78 /* LaunchScreen.storyboard */,
				6C8335C21CFF22BC0074AA78 /* Info.plist */,
				6C8335BA1CFF22BC0074AA78 /* ConneX.xcdatamodeld */,
				6C8335AE1CFF22BC0074AA78 /* Supporting Files */,
			);
			path = ConneX;
			sourceTree = "<group>";
		};
		6C8335AE1CFF22BC0074AA78 /* Supporting Files */ = {
			isa = PBXGroup;
			children = (
				6C8335AF1CFF22BC0074AA78 /* main.m */,
			);
			name = "Supporting Files";
			sourceTree = "<group>";
		};
		6C8335CB1CFF239B0074AA78 /* AppDelegate */ = {
			isa = PBXGroup;
			children = (
				6C8335B11CFF22BC0074AA78 /* AppDelegate.h */,
				6C8335B21CFF22BC0074AA78 /* AppDelegate.m */,
			);
			name = AppDelegate;
			sourceTree = "<group>";
		};
		6C8335CC1CFF23A60074AA78 /* ViewControllers */ = {
			isa = PBXGroup;
			children = (
				6C8335C81CFF237E0074AA78 /* EquipmentsTableViewController.h */,
				6C8335C91CFF237E0074AA78 /* EquipmentsTableViewController.m */,
				6C8335D21CFF2F920074AA78 /* AddanEquipmentViewController.h */,
				6C8335D31CFF2F920074AA78 /* AddanEquipmentViewController.m */,
			);
			name = ViewControllers;
			sourceTree = "<group>";
		};
		6C8335CD1CFF23B40074AA78 /* StoryBoard */ = {
			isa = PBXGroup;
			children = (
				6C8335B71CFF22BC0074AA78 /* Main.storyboard */,
			);
			name = StoryBoard;
			sourceTree = "<group>";
		};
		6C8335D11CFF23F20074AA78 /* Model */ = {
			isa = PBXGroup;
			children = (
				6C8335CE1CFF23ED0074AA78 /* CNXEquipment.h */,
				6C8335CF1CFF23ED0074AA78 /* CNXEquipment.m */,
			);
			name = Model;
			sourceTree = "<group>";
		};
/* End PBXGroup section */

/* Begin PBXNativeTarget section */
		6C8335AA1CFF22BC0074AA78 /* ConneX */ = {
			isa = PBXNativeTarget;
			buildConfigurationList = 6C8335C51CFF22BC0074AA78 /* Build configuration list for PBXNativeTarget "ConneX" */;
			buildPhases = (
				6C8335A71CFF22BC0074AA78 /* Sources */,
				6C8335A81CFF22BC0074AA78 /* Frameworks */,
				6C8335A91CFF22BC0074AA78 /* Resources */,
			);
			buildRules = (
			);
			dependencies = (
			);
			name = ConneX;
			productName = ConneX;
			productReference = 6C8335AB1CFF22BC0074AA78 /* ConneX.app */;
			productType = "com.apple.product-type.application";
		};
/* End PBXNativeTarget section */

/* Begin PBXProject section */
		6C8335A31CFF22BC0074AA78 /* Project object */ = {
			isa = PBXProject;
			attributes = {
				LastUpgradeCheck = 0730;
				ORGANIZATIONNAME = moorsideinc;
				TargetAttributes = {
					6C8335AA1CFF22BC0074AA78 = {
						CreatedOnToolsVersion = 7.3.1;
					};
				};
			};
			buildConfigurationList = 6C8335A61CFF22BC0074AA78 /* Build configuration list for PBXProject "ConneX" */;
			compatibilityVersion = "Xcode 3.2";
			developmentRegion = English;
			hasScannedForEncodings = 0;
			knownRegions = (
				en,
				Base,
			);
			mainGroup = 6C8335A21CFF22BC0074AA78;
			productRefGroup = 6C8335AC1CFF22BC0074AA78 /* Products */;
			projectDirPath = "";
			projectRoot = "";
			targets = (
				6C8335AA1CFF22BC0074AA78 /* ConneX */,
			);
		};
/* End PBXProject section */

/* Begin PBXResourcesBuildPhase section */
		6C8335A91CFF22BC0074AA78 /* Resources */ = {
			isa = PBXResourcesBuildPhase;
			buildActionMask = 2147483647;
			files = (
				6C8335C11CFF22BC0074AA78 /* LaunchScreen.storyboard in Resources */,
				6C8335BE1CFF22BC0074AA78 /* Assets.xcassets in Resources */,
				6C8335B91CFF22BC0074AA78 /* Main.storyboard in Resources */,
			);
			runOnlyForDeploymentPostprocessing = 0;
		};
/* End PBXResourcesBuildPhase section */

/* Begin PBXSourcesBuildPhase section */
		6C8335A71CFF22BC0074AA78 /* Sources */ = {
			isa = PBXSourcesBuildPhase;
			buildActionMask = 2147483647;
			files = (
				6C8335D01CFF23ED0074AA78 /* CNXEquipment.m in Sources */,
				6C8335B31CFF22BC0074AA78 /* AppDelegate.m in Sources */,
				6C8335BC1CFF22BC0074AA78 /* ConneX.xcdatamodeld in Sources */,
				6C8335CA1CFF237E0074AA78 /* EquipmentsTableViewController.m in Sources */,
				6C8335D41CFF2F920074AA78 /* AddanEquipmentViewController.m in Sources */,
				6C8335B01CFF22BC0074AA78 /* main.m in Sources */,
			);
			runOnlyForDeploymentPostprocessing = 0;
		};
/* End PBXSourcesBuildPhase section */

/* Begin PBXVariantGroup section */
		6C8335B71CFF22BC0074AA78 /* Main.storyboard */ = {
			isa = PBXVariantGroup;
			children = (
				6C8335B81CFF22BC0074AA78 /* Base */,
			);
			name = Main.storyboard;
			sourceTree = "<group>";
		};
		6C8335BF1CFF22BC0074AA78 /* LaunchScreen.storyboard */ = {
			isa = PBXVariantGroup;
			children = (
				6C8335C01CFF22BC0074AA78 /* Base */,
			);
			name = LaunchScreen.storyboard;
			sourceTree = "<group>";
		};
/* End PBXVariantGroup section */

/* Begin XCBuildConfiguration section */
		6C8335C31CFF22BC0074AA78 /* Debug */ = {
			isa = XCBuildConfiguration;
			buildSettings = {
				ALWAYS_SEARCH_USER_PATHS = NO;
				CLANG_ANALYZER_NONNULL = YES;
				CLANG_CXX_LANGUAGE_STANDARD = "gnu++0x";
				CLANG_CXX_LIBRARY = "libc++";
				CLANG_ENABLE_MODULES = YES;
				CLANG_ENABLE_OBJC_ARC = YES;
				CLANG_WARN_BOOL_CONVERSION = YES;
				CLANG_WARN_CONSTANT_CONVERSION = YES;
				CLANG_WARN_DIRECT_OBJC_ISA_USAGE = YES_ERROR;
				CLANG_WARN_EMPTY_BODY = YES;
				CLANG_WARN_ENUM_CONVERSION = YES;
				CLANG_WARN_INT_CONVERSION = YES;
				CLANG_WARN_OBJC_ROOT_CLASS = YES_ERROR;
				CLANG_WARN_UNREACHABLE_CODE = YES;
				CLANG_WARN__DUPLICATE_METHOD_MATCH = YES;
				"CODE_SIGN_IDENTITY[sdk=iphoneos*]" = "iPhone Developer";
				COPY_PHASE_STRIP = NO;
				DEBUG_INFORMATION_FORMAT = dwarf;
				ENABLE_STRICT_OBJC_MSGSEND = YES;
				ENABLE_TESTABILITY = YES;
				GCC_C_LANGUAGE_STANDARD = gnu99;
				GCC_DYNAMIC_NO_PIC = NO;
				GCC_NO_COMMON_BLOCKS = YES;
				GCC_OPTIMIZATION_LEVEL = 0;
				GCC_PREPROCESSOR_DEFINITIONS = (
					"DEBUG=1",
					"$(inherited)",
				);
				GCC_WARN_64_TO_32_BIT_CONVERSION = YES;
				GCC_WARN_ABOUT_RETURN_TYPE = YES_ERROR;
				GCC_WARN_UNDECLARED_SELECTOR = YES;
				GCC_WARN_UNINITIALIZED_AUTOS = YES_AGGRESSIVE;
				GCC_WARN_UNUSED_FUNCTION = YES;
				GCC_WARN_UNUSED_VARIABLE = YES;
				IPHONEOS_DEPLOYMENT_TARGET = 9.3;
				MTL_ENABLE_DEBUG_INFO = YES;
				ONLY_ACTIVE_ARCH = YES;
				SDKROOT = iphoneos;
			};
			name = Debug;
		};
		6C8335C41CFF22BC0074AA78 /* Release */ = {
			isa = XCBuildConfiguration;
			buildSettings = {
				ALWAYS_SEARCH_USER_PATHS = NO;
				CLANG_ANALYZER_NONNULL = YES;
				CLANG_CXX_LANGUAGE_STANDARD = "gnu++0x";
				CLANG_CXX_LIBRARY = "libc++";
				CLANG_ENABLE_MODULES = YES;
				CLANG_ENABLE_OBJC_ARC = YES;
				CLANG_WARN_BOOL_CONVERSION = YES;
				CLANG_WARN_CONSTANT_CONVERSION = YES;
				CLANG_WARN_DIRECT_OBJC_ISA_USAGE = YES_ERROR;
				CLANG_WARN_EMPTY_BODY = YES;
				CLANG_WARN_ENUM_CONVERSION = YES;
				CLANG_WARN_INT_CONVERSION = YES;
				CLANG_WARN_OBJC_ROOT_CLASS = YES_ERROR;
				CLANG_WARN_UNREACHABLE_CODE = YES;
				CLANG_WARN__DUPLICATE_METHOD_MATCH = YES;
				"CODE_SIGN_IDENTITY[sdk=iphoneos*]" = "iPhone Developer";
				COPY_PHASE_STRIP = NO;
				DEBUG_INFORMATION_FORMAT = "dwarf-with-dsym";
				ENABLE_NS_ASSERTIONS = NO;
				ENABLE_STRICT_OBJC_MSGSEND = YES;
				GCC_C_LANGUAGE_STANDARD = gnu99;
				GCC_NO_COMMON_BLOCKS = YES;
				GCC_WARN_64_TO_32_BIT_CONVERSION = YES;
				GCC_WARN_ABOUT_RETURN_TYPE = YES_ERROR;
				GCC_WARN_UNDECLARED_SELECTOR = YES;
				GCC_WARN_UNINITIALIZED_AUTOS = YES_AGGRESSIVE;
				GCC_WARN_UNUSED_FUNCTION = YES;
				GCC_WARN_UNUSED_VARIABLE = YES;
				IPHONEOS_DEPLOYMENT_TARGET = 9.3;
				MTL_ENABLE_DEBUG_INFO = NO;
				SDKROOT = iphoneos;
				VALIDATE_PRODUCT = YES;
			};
			name = Release;
		};
		6C8335C61CFF22BC0074AA78 /* Debug */ = {
			isa = XCBuildConfiguration;
			buildSettings = {
				ASSETCATALOG_COMPILER_APPICON_NAME = AppIcon;
				CODE_SIGN_IDENTITY = "iPhone Developer";
				INFOPLIST_FILE = ConneX/Info.plist;
				LD_RUNPATH_SEARCH_PATHS = "$(inherited) @executable_path/Frameworks";
				PRODUCT_BUNDLE_IDENTIFIER = com.moorsideinc.ConneX;
				PRODUCT_NAME = "$(TARGET_NAME)";
			};
			name = Debug;
		};
		6C8335C71CFF22BC0074AA78 /* Release */ = {
			isa = XCBuildConfiguration;
			buildSettings = {
				ASSETCATALOG_COMPILER_APPICON_NAME = AppIcon;
				CODE_SIGN_IDENTITY = "iPhone Developer";
				INFOPLIST_FILE = ConneX/Info.plist;
				LD_RUNPATH_SEARCH_PATHS = "$(inherited) @executable_path/Frameworks";
				PRODUCT_BUNDLE_IDENTIFIER = com.moorsideinc.ConneX;
				PRODUCT_NAME = "$(TARGET_NAME)";
			};
			name = Release;
		};
/* End XCBuildConfiguration section */

/* Begin XCConfigurationList section */
		6C8335A61CFF22BC0074AA78 /* Build configuration list for PBXProject "ConneX" */ = {
			isa = XCConfigurationList;
			buildConfigurations = (
				6C8335C31CFF22BC0074AA78 /* Debug */,
				6C8335C41CFF22BC0074AA78 /* Release */,
			);
			defaultConfigurationIsVisible = 0;
			defaultConfigurationName = Release;
		};
		6C8335C51CFF22BC0074AA78 /* Build configuration list for PBXNativeTarget "ConneX" */ = {
			isa = XCConfigurationList;
			buildConfigurations = (
				6C8335C61CFF22BC0074AA78 /* Debug */,
				6C8335C71CFF22BC0074AA78 /* Release */,
			);
			defaultConfigurationIsVisible = 0;
		};
/* End XCConfigurationList section */

/* Begin XCVersionGroup section */
		6C8335BA1CFF22BC0074AA78 /* ConneX.xcdatamodeld */ = {
			isa = XCVersionGroup;
			children = (
				6C8335BB1CFF22BC0074AA78 /* ConneX.xcdatamodel */,
			);
			currentVersion = 6C8335BB1CFF22BC0074AA78 /* ConneX.xcdatamodel */;
			path = ConneX.xcdatamodeld;
			sourceTree = "<group>";
			versionGroupType = wrapper.xcdatamodel;
		};
/* End XCVersionGroup section */
	};
	rootObject = 6C8335A31CFF22BC0074AA78 /* Project object */;
}
